
Microsoft Visual Studio Solution File, Format Version 12.00
Project("{2150E333-8FDC-42A3-9474-1A3956D46DE8}") = "src", "src", "{F5E13109-B9EA-4CF6-97F8-8F6344190A76}"
EndProject
Project("{FAE04EC0-301F-11D3-BF4B-00C04F79EFBC}") = "FACDataMinerWeb", "src\FACDataMinerWeb\FACDataMinerWeb.csproj", "{B971AED9-7278-4366-80D8-36ED864D64E3}"
EndProject
Project("{FAE04EC0-301F-11D3-BF4B-00C04F79EFBC}") = "FACDataMinerImportService", "src\FACDataMinerImportService\FACDataMinerImportService.csproj", "{FC73CB59-956F-4488-B0AB-13D24441795F}"
EndProject
Project("{FAE04EC0-301F-11D3-BF4B-00C04F79EFBC}") = "FACDataMinerDAL", "src\FACDataMinerDAL\FACDataMinerDAL.csproj", "{92FAECD2-A686-4F20-AE71-494C29BCAFCF}"
EndProject
Project("{FAE04EC0-301F-11D3-BF4B-00C04F79EFBC}") = "FACDataMiner.DAL.Tests", "tests\FACDataMiner.DAL.Tests\FACDataMiner.DAL.Tests.csproj", "{B6632B9D-DF8A-42A6-A17B-D2ED4C83D39A}"
EndProject
Project("{2150E333-8FDC-42A3-9474-1A3956D46DE8}") = "tests", "tests", "{407BEAB7-2FE9-4D04-BE72-6ABA10503C68}"
EndProject
Project("{FAE04EC0-301F-11D3-BF4B-00C04F79EFBC}") = "FACDataMinerAPI", "src\FACDataMinerAPI\FACDataMinerAPI.csproj", "{A70E2052-23A5-4A61-B30D-11F770B29198}"
EndProject
Project("{FAE04EC0-301F-11D3-BF4B-00C04F79EFBC}") = "FACDataMiner.API.Tests", "tests\FACDataMiner.API.Tests\FACDataMiner.API.Tests.csproj", "{5F51A7B6-058C-4D77-A054-5C3548137A5B}"
EndProject
Project("{FAE04EC0-301F-11D3-BF4B-00C04F79EFBC}") = "FACDataMiner.Utilities", "src\FACDataMiner.Utilities\FACDataMiner.Utilities.csproj", "{24BA15E7-7A89-48C8-9018-B88A7F4442C7}"
EndProject
Project("{FAE04EC0-301F-11D3-BF4B-00C04F79EFBC}") = "FACDataMiner.Utilities.Tests", "tests\FACDataMiner.Utilities.Tests\FACDataMiner.Utilities.Tests.csproj", "{A6368404-0978-4AC2-BA93-98924945300C}"
EndProject
Global
	GlobalSection(SolutionConfigurationPlatforms) = preSolution
		Debug|Any CPU = Debug|Any CPU
		Release|Any CPU = Release|Any CPU
	EndGlobalSection
	GlobalSection(NestedProjects) = preSolution
		{B971AED9-7278-4366-80D8-36ED864D64E3} = {F5E13109-B9EA-4CF6-97F8-8F6344190A76}
		{FC73CB59-956F-4488-B0AB-13D24441795F} = {F5E13109-B9EA-4CF6-97F8-8F6344190A76}
		{92FAECD2-A686-4F20-AE71-494C29BCAFCF} = {F5E13109-B9EA-4CF6-97F8-8F6344190A76}
		{B6632B9D-DF8A-42A6-A17B-D2ED4C83D39A} = {407BEAB7-2FE9-4D04-BE72-6ABA10503C68}
		{A70E2052-23A5-4A61-B30D-11F770B29198} = {F5E13109-B9EA-4CF6-97F8-8F6344190A76}
		{5F51A7B6-058C-4D77-A054-5C3548137A5B} = {407BEAB7-2FE9-4D04-BE72-6ABA10503C68}
		{24BA15E7-7A89-48C8-9018-B88A7F4442C7} = {F5E13109-B9EA-4CF6-97F8-8F6344190A76}
		{A6368404-0978-4AC2-BA93-98924945300C} = {407BEAB7-2FE9-4D04-BE72-6ABA10503C68}
	EndGlobalSection
	GlobalSection(ProjectConfigurationPlatforms) = postSolution
		{B971AED9-7278-4366-80D8-36ED864D64E3}.Debug|Any CPU.ActiveCfg = Debug|Any CPU
		{B971AED9-7278-4366-80D8-36ED864D64E3}.Debug|Any CPU.Build.0 = Debug|Any CPU
		{B971AED9-7278-4366-80D8-36ED864D64E3}.Release|Any CPU.ActiveCfg = Release|Any CPU
		{B971AED9-7278-4366-80D8-36ED864D64E3}.Release|Any CPU.Build.0 = Release|Any CPU
		{FC73CB59-956F-4488-B0AB-13D24441795F}.Debug|Any CPU.ActiveCfg = Debug|Any CPU
		{FC73CB59-956F-4488-B0AB-13D24441795F}.Debug|Any CPU.Build.0 = Debug|Any CPU
		{FC73CB59-956F-4488-B0AB-13D24441795F}.Release|Any CPU.ActiveCfg = Release|Any CPU
		{FC73CB59-956F-4488-B0AB-13D24441795F}.Release|Any CPU.Build.0 = Release|Any CPU
		{92FAECD2-A686-4F20-AE71-494C29BCAFCF}.Debug|Any CPU.ActiveCfg = Debug|Any CPU
		{92FAECD2-A686-4F20-AE71-494C29BCAFCF}.Debug|Any CPU.Build.0 = Debug|Any CPU
		{92FAECD2-A686-4F20-AE71-494C29BCAFCF}.Release|Any CPU.ActiveCfg = Release|Any CPU
		{92FAECD2-A686-4F20-AE71-494C29BCAFCF}.Release|Any CPU.Build.0 = Release|Any CPU
		{B6632B9D-DF8A-42A6-A17B-D2ED4C83D39A}.Debug|Any CPU.ActiveCfg = Debug|Any CPU
		{B6632B9D-DF8A-42A6-A17B-D2ED4C83D39A}.Debug|Any CPU.Build.0 = Debug|Any CPU
		{B6632B9D-DF8A-42A6-A17B-D2ED4C83D39A}.Release|Any CPU.ActiveCfg = Release|Any CPU
		{B6632B9D-DF8A-42A6-A17B-D2ED4C83D39A}.Release|Any CPU.Build.0 = Release|Any CPU
		{A70E2052-23A5-4A61-B30D-11F770B29198}.Debug|Any CPU.ActiveCfg = Debug|Any CPU
		{A70E2052-23A5-4A61-B30D-11F770B29198}.Debug|Any CPU.Build.0 = Debug|Any CPU
		{A70E2052-23A5-4A61-B30D-11F770B29198}.Release|Any CPU.ActiveCfg = Release|Any CPU
		{A70E2052-23A5-4A61-B30D-11F770B29198}.Release|Any CPU.Build.0 = Release|Any CPU
		{5F51A7B6-058C-4D77-A054-5C3548137A5B}.Debug|Any CPU.ActiveCfg = Debug|Any CPU
		{5F51A7B6-058C-4D77-A054-5C3548137A5B}.Debug|Any CPU.Build.0 = Debug|Any CPU
		{5F51A7B6-058C-4D77-A054-5C3548137A5B}.Release|Any CPU.ActiveCfg = Release|Any CPU
		{5F51A7B6-058C-4D77-A054-5C3548137A5B}.Release|Any CPU.Build.0 = Release|Any CPU
		{24BA15E7-7A89-48C8-9018-B88A7F4442C7}.Debug|Any CPU.ActiveCfg = Debug|Any CPU
		{24BA15E7-7A89-48C8-9018-B88A7F4442C7}.Debug|Any CPU.Build.0 = Debug|Any CPU
		{24BA15E7-7A89-48C8-9018-B88A7F4442C7}.Release|Any CPU.ActiveCfg = Release|Any CPU
		{24BA15E7-7A89-48C8-9018-B88A7F4442C7}.Release|Any CPU.Build.0 = Release|Any CPU
		{A6368404-0978-4AC2-BA93-98924945300C}.Debug|Any CPU.ActiveCfg = Debug|Any CPU
		{A6368404-0978-4AC2-BA93-98924945300C}.Debug|Any CPU.Build.0 = Debug|Any CPU
		{A6368404-0978-4AC2-BA93-98924945300C}.Release|Any CPU.ActiveCfg = Release|Any CPU
		{A6368404-0978-4AC2-BA93-98924945300C}.Release|Any CPU.Build.0 = Release|Any CPU
	EndGlobalSection
EndGlobal
